
Microsoft Visual Studio Solution File, Format Version 12.00
# Visual Studio Version 17
VisualStudioVersion = 17.6.33815.320
MinimumVisualStudioVersion = 10.0.40219.1
Project("{F2A71F9B-5D33-465A-A702-920D77279786}") = "Huffman", "Huffman\Huffman.fsproj", "{239351C1-2AA8-445D-B79A-3C662A6F59C1}"
EndProject
Project("{FAE04EC0-301F-11D3-BF4B-00C04F79EFBC}") = "MyArchiver", "MyArchiver\MyArchiver.csproj", "{A49D9FBE-9E3B-4FE2-BCC1-56A2209170D7}"
EndProject
Global
	GlobalSection(SolutionConfigurationPlatforms) = preSolution
		Debug|Any CPU = Debug|Any CPU
		Release|Any CPU = Release|Any CPU
	EndGlobalSection
	GlobalSection(ProjectConfigurationPlatforms) = postSolution
		{239351C1-2AA8-445D-B79A-3C662A6F59C1}.Debug|Any CPU.ActiveCfg = Debug|Any CPU
		{239351C1-2AA8-445D-B79A-3C662A6F59C1}.Debug|Any CPU.Build.0 = Debug|Any CPU
		{239351C1-2AA8-445D-B79A-3C662A6F59C1}.Release|Any CPU.ActiveCfg = Release|Any CPU
		{239351C1-2AA8-445D-B79A-3C662A6F59C1}.Release|Any CPU.Build.0 = Release|Any CPU
		{A49D9FBE-9E3B-4FE2-BCC1-56A2209170D7}.Debug|Any CPU.ActiveCfg = Debug|Any CPU
		{A49D9FBE-9E3B-4FE2-BCC1-56A2209170D7}.Debug|Any CPU.Build.0 = Debug|Any CPU
		{A49D9FBE-9E3B-4FE2-BCC1-56A2209170D7}.Release|Any CPU.ActiveCfg = Release|Any CPU
		{A49D9FBE-9E3B-4FE2-BCC1-56A2209170D7}.Release|Any CPU.Build.0 = Release|Any CPU
	EndGlobalSection
	GlobalSection(SolutionProperties) = preSolution
		HideSolutionNode = FALSE
	EndGlobalSection
	GlobalSection(ExtensibilityGlobals) = postSolution
		SolutionGuid = {588F114D-8356-45AF-A195-046CA916381D}
	EndGlobalSection
EndGlobal
